
Microsoft Visual Studio Solution File, Format Version 12.00
# Visual Studio Version 17
VisualStudioVersion = 17.8.34408.163
MinimumVisualStudioVersion = 10.0.40219.1
Project("{FAE04EC0-301F-11D3-BF4B-00C04F79EFBC}") = "MyTestProject", "MyTestProject\MyTestProject.csproj", "{1049673C-B7F8-46FF-961F-65017E098355}"
EndProject
Project("{FAE04EC0-301F-11D3-BF4B-00C04F79EFBC}") = "TestShapes", "TestShapes\TestShapes.csproj", "{67E56FDC-EBF0-4E28-A3EC-012ADB064BF5}"
EndProject
Global
	GlobalSection(SolutionConfigurationPlatforms) = preSolution
		Debug|Any CPU = Debug|Any CPU
		Release|Any CPU = Release|Any CPU
	EndGlobalSection
	GlobalSection(ProjectConfigurationPlatforms) = postSolution
		{1049673C-B7F8-46FF-961F-65017E098355}.Debug|Any CPU.ActiveCfg = Debug|Any CPU
		{1049673C-B7F8-46FF-961F-65017E098355}.Debug|Any CPU.Build.0 = Debug|Any CPU
		{1049673C-B7F8-46FF-961F-65017E098355}.Release|Any CPU.ActiveCfg = Release|Any CPU
		{1049673C-B7F8-46FF-961F-65017E098355}.Release|Any CPU.Build.0 = Release|Any CPU
		{67E56FDC-EBF0-4E28-A3EC-012ADB064BF5}.Debug|Any CPU.ActiveCfg = Debug|Any CPU
		{67E56FDC-EBF0-4E28-A3EC-012ADB064BF5}.Debug|Any CPU.Build.0 = Debug|Any CPU
		{67E56FDC-EBF0-4E28-A3EC-012ADB064BF5}.Release|Any CPU.ActiveCfg = Release|Any CPU
		{67E56FDC-EBF0-4E28-A3EC-012ADB064BF5}.Release|Any CPU.Build.0 = Release|Any CPU
	EndGlobalSection
	GlobalSection(SolutionProperties) = preSolution
		HideSolutionNode = FALSE
	EndGlobalSection
	GlobalSection(ExtensibilityGlobals) = postSolution
		SolutionGuid = {6E71A740-8BF0-4872-B247-8EDCFF551626}
	EndGlobalSection
EndGlobal
